
Microsoft Visual Studio Solution File, Format Version 12.00
# Visual Studio Version 16
VisualStudioVersion = 16.0.31729.503
MinimumVisualStudioVersion = 10.0.40219.1
Project("{FAE04EC0-301F-11D3-BF4B-00C04F79EFBC}") = "NotifyChangesConsoleXP", "NotifyChangesConsoleXP.csproj", "{E0188BD1-8F7E-4D13-B7A9-A3E7A2E5AD5D}"
EndProject
Global
	GlobalSection(SolutionConfigurationPlatforms) = preSolution
		Debug|Any CPU = Debug|Any CPU
		Release|Any CPU = Release|Any CPU
	EndGlobalSection
	GlobalSection(ProjectConfigurationPlatforms) = postSolution
		{E0188BD1-8F7E-4D13-B7A9-A3E7A2E5AD5D}.Debug|Any CPU.ActiveCfg = Debug|Any CPU
		{E0188BD1-8F7E-4D13-B7A9-A3E7A2E5AD5D}.Debug|Any CPU.Build.0 = Debug|Any CPU
		{E0188BD1-8F7E-4D13-B7A9-A3E7A2E5AD5D}.Release|Any CPU.ActiveCfg = Release|Any CPU
		{E0188BD1-8F7E-4D13-B7A9-A3E7A2E5AD5D}.Release|Any CPU.Build.0 = Release|Any CPU
	EndGlobalSection
	GlobalSection(SolutionProperties) = preSolution
		HideSolutionNode = FALSE
	EndGlobalSection
	GlobalSection(ExtensibilityGlobals) = postSolution
		SolutionGuid = {661697F4-0973-4761-90DD-C240AC6A7F1E}
	EndGlobalSection
EndGlobal
